
Microsoft Visual Studio Solution File, Format Version 12.00
# Visual Studio 15
VisualStudioVersion = 15.0.26430.14
MinimumVisualStudioVersion = 10.0.40219.1
Project("{FAE04EC0-301F-11D3-BF4B-00C04F79EFBC}") = "CS_GameEngine", "GameEngine\CS_GameEngine.csproj", "{D3797B65-7191-43DA-890C-B16F9F53FE04}"
EndProject
Project("{2150E333-8FDC-42A3-9474-1A3956D46DE8}") = "Solution Items", "Solution Items", "{40B38E4E-0ED0-45E9-95C5-C50B9A030009}"
EndProject
Project("{FAE04EC0-301F-11D3-BF4B-00C04F79EFBC}") = "DemoGame", "Game\DemoGame.csproj", "{3B2FCFBA-E23A-45BC-9831-84FC5AAC08CE}"
EndProject
Global
	GlobalSection(SolutionConfigurationPlatforms) = preSolution
		Debug|Any CPU = Debug|Any CPU
		Release|Any CPU = Release|Any CPU
	EndGlobalSection
	GlobalSection(ProjectConfigurationPlatforms) = postSolution
		{D3797B65-7191-43DA-890C-B16F9F53FE04}.Debug|Any CPU.ActiveCfg = Debug|Any CPU
		{D3797B65-7191-43DA-890C-B16F9F53FE04}.Debug|Any CPU.Build.0 = Debug|Any CPU
		{D3797B65-7191-43DA-890C-B16F9F53FE04}.Release|Any CPU.ActiveCfg = Release|Any CPU
		{D3797B65-7191-43DA-890C-B16F9F53FE04}.Release|Any CPU.Build.0 = Release|Any CPU
		{3B2FCFBA-E23A-45BC-9831-84FC5AAC08CE}.Debug|Any CPU.ActiveCfg = Debug|Any CPU
		{3B2FCFBA-E23A-45BC-9831-84FC5AAC08CE}.Debug|Any CPU.Build.0 = Debug|Any CPU
		{3B2FCFBA-E23A-45BC-9831-84FC5AAC08CE}.Release|Any CPU.ActiveCfg = Release|Any CPU
		{3B2FCFBA-E23A-45BC-9831-84FC5AAC08CE}.Release|Any CPU.Build.0 = Release|Any CPU
	EndGlobalSection
	GlobalSection(SolutionProperties) = preSolution
		HideSolutionNode = FALSE
	EndGlobalSection
	GlobalSection(NestedProjects) = preSolution
		{3B2FCFBA-E23A-45BC-9831-84FC5AAC08CE} = {40B38E4E-0ED0-45E9-95C5-C50B9A030009}
	EndGlobalSection
	GlobalSection(ExtensibilityGlobals) = postSolution
		SolutionGuid = {C8DDC8AB-75C8-4A09-BFC2-2C211C4F0887}
	EndGlobalSection
EndGlobal
